
Microsoft Visual Studio Solution File, Format Version 12.00
# Visual Studio Version 17
VisualStudioVersion = 17.3.32825.248
MinimumVisualStudioVersion = 10.0.40219.1
Project("{FAE04EC0-301F-11D3-BF4B-00C04F79EFBC}") = "pixelFont", "pixelFont.csproj", "{A221278B-8B53-445D-B1A3-F135608FDCAF}"
EndProject
Global
	GlobalSection(SolutionConfigurationPlatforms) = preSolution
		Debug|Any CPU = Debug|Any CPU
		Release|Any CPU = Release|Any CPU
	EndGlobalSection
	GlobalSection(ProjectConfigurationPlatforms) = postSolution
		{A221278B-8B53-445D-B1A3-F135608FDCAF}.Debug|Any CPU.ActiveCfg = Debug|Any CPU
		{A221278B-8B53-445D-B1A3-F135608FDCAF}.Debug|Any CPU.Build.0 = Debug|Any CPU
		{A221278B-8B53-445D-B1A3-F135608FDCAF}.Release|Any CPU.ActiveCfg = Release|Any CPU
		{A221278B-8B53-445D-B1A3-F135608FDCAF}.Release|Any CPU.Build.0 = Release|Any CPU
	EndGlobalSection
	GlobalSection(SolutionProperties) = preSolution
		HideSolutionNode = FALSE
	EndGlobalSection
	GlobalSection(ExtensibilityGlobals) = postSolution
		SolutionGuid = {37D32BE6-1330-48DF-BBC7-DA4D832AF614}
	EndGlobalSection
EndGlobal
